// !$*UTF8*$!
{
	archiveVersion = 1;
	classes = {
	};
	objectVersion = 77;
	objects = {

/* Begin PBXBuildFile section */
		083569DD8298356A1CC4079A /* LidStateMonitor.swift in Sources */ = {isa = PBXBuildFile; fileRef = 13702A8D7E2A812AF9BD5E5A /* LidStateMonitor.swift */; };
		0BCBAE5440498343252B1CD5 /* SessionTests.swift in Sources */ = {isa = PBXBuildFile; fileRef = 24801E506F4ED69D1794FDC7 /* SessionTests.swift */; };
		112D26D97EFB204FB656D7BE /* WatchdogClient.swift in Sources */ = {isa = PBXBuildFile; fileRef = 82FD92B6077FB4C064725C3A /* WatchdogClient.swift */; };
		21372C6E1A5EAAB4D7B316FE /* libMethCore.a in Frameworks */ = {isa = PBXBuildFile; fileRef = FC38B24B46269C5D46DA47E0 /* libMethCore.a */; };
		2B73BF0A500D69263A8EBAC8 /* MenuBarController.swift in Sources */ = {isa = PBXBuildFile; fileRef = BA769E8B692D9161A9370A81 /* MenuBarController.swift */; };
		4277C74EFCA4E0801B30817C /* SessionManagerTests.swift in Sources */ = {isa = PBXBuildFile; fileRef = EE7782DF7DFC7AEF7676FA65 /* SessionManagerTests.swift */; };
		432441B423244F620E1717C5 /* PowerSourceMonitor.swift in Sources */ = {isa = PBXBuildFile; fileRef = 8B8443921F24F63AC93D6424 /* PowerSourceMonitor.swift */; };
		4FAF0CDB9565496B38F58162 /* UntilTimePickerView.swift in Sources */ = {isa = PBXBuildFile; fileRef = 175E08B67D338F7BB6C90045 /* UntilTimePickerView.swift */; };
		51DDF770CF31C341017DDCFF /* SettingsView.swift in Sources */ = {isa = PBXBuildFile; fileRef = 20F10F998E6E0F840B0DBD77 /* SettingsView.swift */; };
		56267DA8B077A47F689083B7 /* ClosedLidPrivilegedService.swift in Sources */ = {isa = PBXBuildFile; fileRef = 1B22C537F9F991DCEB275057 /* ClosedLidPrivilegedService.swift */; };
		5788C138C086383D11FDB06F /* MethApp.swift in Sources */ = {isa = PBXBuildFile; fileRef = 02F66685B847D64FE27006CF /* MethApp.swift */; };
		58CBBCE604E3457DC91E74B1 /* AuxiliaryWindowController.swift in Sources */ = {isa = PBXBuildFile; fileRef = 7AA8F516070ECB8610D55A86 /* AuxiliaryWindowController.swift */; };
		59088E8E371AD9DED0A34C0B /* Session.swift in Sources */ = {isa = PBXBuildFile; fileRef = 42D3226DB1A30E1F1E0D7A04 /* Session.swift */; };
		5DF783DFD8A88385E3C5B99F /* SettingsWindowController.swift in Sources */ = {isa = PBXBuildFile; fileRef = 8AEEB73461A248A672344A4D /* SettingsWindowController.swift */; };
		71C6523466C8C6A5975D37D8 /* AppDelegate.swift in Sources */ = {isa = PBXBuildFile; fileRef = 399CD2266FFFC59111711E23 /* AppDelegate.swift */; };
		7BFC556B01D2816A52F8A1E6 /* WatchdogClientTests.swift in Sources */ = {isa = PBXBuildFile; fileRef = 97FE010A40CF2BC1A2557E15 /* WatchdogClientTests.swift */; };
		7C8BEF24E4529A190149E426 /* ClosedLidPrivilegedManaging.swift in Sources */ = {isa = PBXBuildFile; fileRef = 0B15EBB0BC9C24DE94D06AE6 /* ClosedLidPrivilegedManaging.swift */; };
		80BBB4D018CD1A314E48AB46 /* SessionDuration.swift in Sources */ = {isa = PBXBuildFile; fileRef = 3CAAB279320D53E6AA442D02 /* SessionDuration.swift */; };
		87F9575AFFD7562862655CFC /* libMethCore.a in Frameworks */ = {isa = PBXBuildFile; fileRef = FC38B24B46269C5D46DA47E0 /* libMethCore.a */; };
		8BF0D3DE75548D71384456A0 /* Mocks.swift in Sources */ = {isa = PBXBuildFile; fileRef = 89C25C38274CFC4BBD518EF9 /* Mocks.swift */; };
		A050F343C0B014336DF5BD96 /* ClosedLidPrivilegedServiceTests.swift in Sources */ = {isa = PBXBuildFile; fileRef = E1BA9A3D650514BC0BB73EAA /* ClosedLidPrivilegedServiceTests.swift */; };
		B11A61D848AA51FBE59AB7FC /* AppIcon.icns in Resources */ = {isa = PBXBuildFile; fileRef = 85AC55B72D64DDE33DB06280 /* AppIcon.icns */; };
		B1F6CC3A568D23F689E6EE0C /* libMethCore.a in Frameworks */ = {isa = PBXBuildFile; fileRef = FC38B24B46269C5D46DA47E0 /* libMethCore.a */; };
		B86ACF36408E47FBC4507C98 /* LidStateMonitoring.swift in Sources */ = {isa = PBXBuildFile; fileRef = 3CACE8205D6E8EBDC3B511B1 /* LidStateMonitoring.swift */; };
		B86BB2A72A58E77343D71616 /* ClosedLidControllerTests.swift in Sources */ = {isa = PBXBuildFile; fileRef = 07AD0346636289B23F4645B6 /* ClosedLidControllerTests.swift */; };
		BD1BF41B1C0ACEEDC2BF577C /* ThermalWarningSheet.swift in Sources */ = {isa = PBXBuildFile; fileRef = 0FDD13BC348E5ACBC7B1A6C0 /* ThermalWarningSheet.swift */; };
		CDD2086FE57F224461B66621 /* ClosedLidController.swift in Sources */ = {isa = PBXBuildFile; fileRef = DB5D9248C0C20C95189699B3 /* ClosedLidController.swift */; };
		D841F7266B91440C55BA3A0B /* PowerSourceMonitoring.swift in Sources */ = {isa = PBXBuildFile; fileRef = 2AD81FDEBD473F3236CF1D60 /* PowerSourceMonitoring.swift */; };
		E04FAFC9D0DB7C7C6B1733AF /* main.swift in Sources */ = {isa = PBXBuildFile; fileRef = 5EB56F2D4949E4CF09605BDA /* main.swift */; };
		E26E9BAD4E04072681C2AEB0 /* FailsafeRecoveryTests.swift in Sources */ = {isa = PBXBuildFile; fileRef = 0A2DDCA755DE9FD46C58E4D4 /* FailsafeRecoveryTests.swift */; };
		E370243F2D80709B24CA4021 /* PowerAssertionManaging.swift in Sources */ = {isa = PBXBuildFile; fileRef = 364149AB355204C4D610122E /* PowerAssertionManaging.swift */; };
		E6C44BADA3F6608B63D842FF /* SessionManager.swift in Sources */ = {isa = PBXBuildFile; fileRef = 3F73B409CD68C78132AB7849 /* SessionManager.swift */; };
		E6E268B86D32AFC79BF98EC1 /* PowerAssertion.swift in Sources */ = {isa = PBXBuildFile; fileRef = C0F45DECEC1EDFA1C631B4F5 /* PowerAssertion.swift */; };
		EC47E565D87D7B2FA546A93A /* MenuBarIcon.swift in Sources */ = {isa = PBXBuildFile; fileRef = B1C969499491A8CE5F2D4D2C /* MenuBarIcon.swift */; };
/* End PBXBuildFile section */

/* Begin PBXContainerItemProxy section */
		5A31A25DB87AAD68C86C1556 /* PBXContainerItemProxy */ = {
			isa = PBXContainerItemProxy;
			containerPortal = EF08953597F308DD9AB48C98 /* Project object */;
			proxyType = 1;
			remoteGlobalIDString = 31DC03EACC4D0D26320CB56D;
			remoteInfo = MethCore;
		};
		92D5802C90F5606C35A89212 /* PBXContainerItemProxy */ = {
			isa = PBXContainerItemProxy;
			containerPortal = EF08953597F308DD9AB48C98 /* Project object */;
			proxyType = 1;
			remoteGlobalIDString = 31DC03EACC4D0D26320CB56D;
			remoteInfo = MethCore;
		};
		E7C11821A443CAB324A7229B /* PBXContainerItemProxy */ = {
			isa = PBXContainerItemProxy;
			containerPortal = EF08953597F308DD9AB48C98 /* Project object */;
			proxyType = 1;
			remoteGlobalIDString = 31DC03EACC4D0D26320CB56D;
			remoteInfo = MethCore;
		};
/* End PBXContainerItemProxy section */

/* Begin PBXFileReference section */
		02F66685B847D64FE27006CF /* MethApp.swift */ = {isa = PBXFileReference; lastKnownFileType = sourcecode.swift; path = MethApp.swift; sourceTree = "<group>"; };
		04382D5D4A42F49B430F07AC /* MethTests.xctest */ = {isa = PBXFileReference; explicitFileType = wrapper.cfbundle; includeInIndex = 0; path = MethTests.xctest; sourceTree = BUILT_PRODUCTS_DIR; };
		07AD0346636289B23F4645B6 /* ClosedLidControllerTests.swift */ = {isa = PBXFileReference; lastKnownFileType = sourcecode.swift; path = ClosedLidControllerTests.swift; sourceTree = "<group>"; };
		0A2DDCA755DE9FD46C58E4D4 /* FailsafeRecoveryTests.swift */ = {isa = PBXFileReference; lastKnownFileType = sourcecode.swift; path = FailsafeRecoveryTests.swift; sourceTree = "<group>"; };
		0B15EBB0BC9C24DE94D06AE6 /* ClosedLidPrivilegedManaging.swift */ = {isa = PBXFileReference; lastKnownFileType = sourcecode.swift; path = ClosedLidPrivilegedManaging.swift; sourceTree = "<group>"; };
		0FDD13BC348E5ACBC7B1A6C0 /* ThermalWarningSheet.swift */ = {isa = PBXFileReference; lastKnownFileType = sourcecode.swift; path = ThermalWarningSheet.swift; sourceTree = "<group>"; };
		13702A8D7E2A812AF9BD5E5A /* LidStateMonitor.swift */ = {isa = PBXFileReference; lastKnownFileType = sourcecode.swift; path = LidStateMonitor.swift; sourceTree = "<group>"; };
		175E08B67D338F7BB6C90045 /* UntilTimePickerView.swift */ = {isa = PBXFileReference; lastKnownFileType = sourcecode.swift; path = UntilTimePickerView.swift; sourceTree = "<group>"; };
		1B22C537F9F991DCEB275057 /* ClosedLidPrivilegedService.swift */ = {isa = PBXFileReference; lastKnownFileType = sourcecode.swift; path = ClosedLidPrivilegedService.swift; sourceTree = "<group>"; };
		20F10F998E6E0F840B0DBD77 /* SettingsView.swift */ = {isa = PBXFileReference; lastKnownFileType = sourcecode.swift; path = SettingsView.swift; sourceTree = "<group>"; };
		24801E506F4ED69D1794FDC7 /* SessionTests.swift */ = {isa = PBXFileReference; lastKnownFileType = sourcecode.swift; path = SessionTests.swift; sourceTree = "<group>"; };
		2AD81FDEBD473F3236CF1D60 /* PowerSourceMonitoring.swift */ = {isa = PBXFileReference; lastKnownFileType = sourcecode.swift; path = PowerSourceMonitoring.swift; sourceTree = "<group>"; };
		364149AB355204C4D610122E /* PowerAssertionManaging.swift */ = {isa = PBXFileReference; lastKnownFileType = sourcecode.swift; path = PowerAssertionManaging.swift; sourceTree = "<group>"; };
		399CD2266FFFC59111711E23 /* AppDelegate.swift */ = {isa = PBXFileReference; lastKnownFileType = sourcecode.swift; path = AppDelegate.swift; sourceTree = "<group>"; };
		3CAAB279320D53E6AA442D02 /* SessionDuration.swift */ = {isa = PBXFileReference; lastKnownFileType = sourcecode.swift; path = SessionDuration.swift; sourceTree = "<group>"; };
		3CACE8205D6E8EBDC3B511B1 /* LidStateMonitoring.swift */ = {isa = PBXFileReference; lastKnownFileType = sourcecode.swift; path = LidStateMonitoring.swift; sourceTree = "<group>"; };
		3F73B409CD68C78132AB7849 /* SessionManager.swift */ = {isa = PBXFileReference; lastKnownFileType = sourcecode.swift; path = SessionManager.swift; sourceTree = "<group>"; };
		42D3226DB1A30E1F1E0D7A04 /* Session.swift */ = {isa = PBXFileReference; lastKnownFileType = sourcecode.swift; path = Session.swift; sourceTree = "<group>"; };
		5B77942C01CF7B4A0A27B3FC /* MethWatchdog */ = {isa = PBXFileReference; includeInIndex = 0; path = MethWatchdog; sourceTree = BUILT_PRODUCTS_DIR; };
		5EB56F2D4949E4CF09605BDA /* main.swift */ = {isa = PBXFileReference; lastKnownFileType = sourcecode.swift; path = main.swift; sourceTree = "<group>"; };
		7AA8F516070ECB8610D55A86 /* AuxiliaryWindowController.swift */ = {isa = PBXFileReference; lastKnownFileType = sourcecode.swift; path = AuxiliaryWindowController.swift; sourceTree = "<group>"; };
		82FD92B6077FB4C064725C3A /* WatchdogClient.swift */ = {isa = PBXFileReference; lastKnownFileType = sourcecode.swift; path = WatchdogClient.swift; sourceTree = "<group>"; };
		85AC55B72D64DDE33DB06280 /* AppIcon.icns */ = {isa = PBXFileReference; lastKnownFileType = image.icns; path = AppIcon.icns; sourceTree = "<group>"; };
		89C25C38274CFC4BBD518EF9 /* Mocks.swift */ = {isa = PBXFileReference; lastKnownFileType = sourcecode.swift; path = Mocks.swift; sourceTree = "<group>"; };
		8AEEB73461A248A672344A4D /* SettingsWindowController.swift */ = {isa = PBXFileReference; lastKnownFileType = sourcecode.swift; path = SettingsWindowController.swift; sourceTree = "<group>"; };
		8B8443921F24F63AC93D6424 /* PowerSourceMonitor.swift */ = {isa = PBXFileReference; lastKnownFileType = sourcecode.swift; path = PowerSourceMonitor.swift; sourceTree = "<group>"; };
		97FE010A40CF2BC1A2557E15 /* WatchdogClientTests.swift */ = {isa = PBXFileReference; lastKnownFileType = sourcecode.swift; path = WatchdogClientTests.swift; sourceTree = "<group>"; };
		B1C969499491A8CE5F2D4D2C /* MenuBarIcon.swift */ = {isa = PBXFileReference; lastKnownFileType = sourcecode.swift; path = MenuBarIcon.swift; sourceTree = "<group>"; };
		BA769E8B692D9161A9370A81 /* MenuBarController.swift */ = {isa = PBXFileReference; lastKnownFileType = sourcecode.swift; path = MenuBarController.swift; sourceTree = "<group>"; };
		C0F45DECEC1EDFA1C631B4F5 /* PowerAssertion.swift */ = {isa = PBXFileReference; lastKnownFileType = sourcecode.swift; path = PowerAssertion.swift; sourceTree = "<group>"; };
		DB5D9248C0C20C95189699B3 /* ClosedLidController.swift */ = {isa = PBXFileReference; lastKnownFileType = sourcecode.swift; path = ClosedLidController.swift; sourceTree = "<group>"; };
		DD674486B875B1DEDCEFEA86 /* Meth.app */ = {isa = PBXFileReference; explicitFileType = wrapper.application; includeInIndex = 0; path = Meth.app; sourceTree = BUILT_PRODUCTS_DIR; };
		E1BA9A3D650514BC0BB73EAA /* ClosedLidPrivilegedServiceTests.swift */ = {isa = PBXFileReference; lastKnownFileType = sourcecode.swift; path = ClosedLidPrivilegedServiceTests.swift; sourceTree = "<group>"; };
		EE7782DF7DFC7AEF7676FA65 /* SessionManagerTests.swift */ = {isa = PBXFileReference; lastKnownFileType = sourcecode.swift; path = SessionManagerTests.swift; sourceTree = "<group>"; };
		FC38B24B46269C5D46DA47E0 /* libMethCore.a */ = {isa = PBXFileReference; explicitFileType = archive.ar; includeInIndex = 0; path = libMethCore.a; sourceTree = BUILT_PRODUCTS_DIR; };
/* End PBXFileReference section */

/* Begin PBXFrameworksBuildPhase section */
		05286DE3457FFED7E7E00367 /* Frameworks */ = {
			isa = PBXFrameworksBuildPhase;
			buildActionMask = 2147483647;
			files = (
				87F9575AFFD7562862655CFC /* libMethCore.a in Frameworks */,
			);
			runOnlyForDeploymentPostprocessing = 0;
		};
		36A505F7E4E31CEB51D99E53 /* Frameworks */ = {
			isa = PBXFrameworksBuildPhase;
			buildActionMask = 2147483647;
			files = (
				21372C6E1A5EAAB4D7B316FE /* libMethCore.a in Frameworks */,
			);
			runOnlyForDeploymentPostprocessing = 0;
		};
		4C4B5E5DC2AA53DBFF19193C /* Frameworks */ = {
			isa = PBXFrameworksBuildPhase;
			buildActionMask = 2147483647;
			files = (
				B1F6CC3A568D23F689E6EE0C /* libMethCore.a in Frameworks */,
			);
			runOnlyForDeploymentPostprocessing = 0;
		};
/* End PBXFrameworksBuildPhase section */

/* Begin PBXGroup section */
		1ACF2918AA0CC9495235BD83 /* App */ = {
			isa = PBXGroup;
			children = (
				399CD2266FFFC59111711E23 /* AppDelegate.swift */,
				02F66685B847D64FE27006CF /* MethApp.swift */,
			);
			path = App;
			sourceTree = "<group>";
		};
		3CE327BDEAC2F97CB1E5A443 /* Resources */ = {
			isa = PBXGroup;
			children = (
				85AC55B72D64DDE33DB06280 /* AppIcon.icns */,
			);
			path = Resources;
			sourceTree = "<group>";
		};
		3E5C6E16CA4AA40D911EC128 /* MethWatchdog */ = {
			isa = PBXGroup;
			children = (
				5EB56F2D4949E4CF09605BDA /* main.swift */,
			);
			name = MethWatchdog;
			path = Sources/MethWatchdog;
			sourceTree = "<group>";
		};
		552FC990185A90DD2EDED820 /* Meth */ = {
			isa = PBXGroup;
			children = (
				1ACF2918AA0CC9495235BD83 /* App */,
				3CE327BDEAC2F97CB1E5A443 /* Resources */,
				8E34D2DE2DD18C7CB5BD852A /* UI */,
			);
			name = Meth;
			path = Sources/Meth;
			sourceTree = "<group>";
		};
		8E34D2DE2DD18C7CB5BD852A /* UI */ = {
			isa = PBXGroup;
			children = (
				7AA8F516070ECB8610D55A86 /* AuxiliaryWindowController.swift */,
				BA769E8B692D9161A9370A81 /* MenuBarController.swift */,
				B1C969499491A8CE5F2D4D2C /* MenuBarIcon.swift */,
				20F10F998E6E0F840B0DBD77 /* SettingsView.swift */,
				8AEEB73461A248A672344A4D /* SettingsWindowController.swift */,
				0FDD13BC348E5ACBC7B1A6C0 /* ThermalWarningSheet.swift */,
				175E08B67D338F7BB6C90045 /* UntilTimePickerView.swift */,
			);
			path = UI;
			sourceTree = "<group>";
		};
		ABB5FC2797C9EF8FE0CF26D3 = {
			isa = PBXGroup;
			children = (
				552FC990185A90DD2EDED820 /* Meth */,
				FBE3D9F04716563FA117386C /* MethCore */,
				EFD1B69FB1DC3CD98FAB1FF7 /* MethTests */,
				3E5C6E16CA4AA40D911EC128 /* MethWatchdog */,
				F521AB47F998CE2315D753A0 /* Products */,
			);
			sourceTree = "<group>";
		};
		EFD1B69FB1DC3CD98FAB1FF7 /* MethTests */ = {
			isa = PBXGroup;
			children = (
				07AD0346636289B23F4645B6 /* ClosedLidControllerTests.swift */,
				E1BA9A3D650514BC0BB73EAA /* ClosedLidPrivilegedServiceTests.swift */,
				0A2DDCA755DE9FD46C58E4D4 /* FailsafeRecoveryTests.swift */,
				89C25C38274CFC4BBD518EF9 /* Mocks.swift */,
				EE7782DF7DFC7AEF7676FA65 /* SessionManagerTests.swift */,
				24801E506F4ED69D1794FDC7 /* SessionTests.swift */,
				97FE010A40CF2BC1A2557E15 /* WatchdogClientTests.swift */,
			);
			name = MethTests;
			path = Tests/MethTests;
			sourceTree = "<group>";
		};
		F521AB47F998CE2315D753A0 /* Products */ = {
			isa = PBXGroup;
			children = (
				FC38B24B46269C5D46DA47E0 /* libMethCore.a */,
				DD674486B875B1DEDCEFEA86 /* Meth.app */,
				04382D5D4A42F49B430F07AC /* MethTests.xctest */,
				5B77942C01CF7B4A0A27B3FC /* MethWatchdog */,
			);
			name = Products;
			sourceTree = "<group>";
		};
		FBE3D9F04716563FA117386C /* MethCore */ = {
			isa = PBXGroup;
			children = (
				DB5D9248C0C20C95189699B3 /* ClosedLidController.swift */,
				0B15EBB0BC9C24DE94D06AE6 /* ClosedLidPrivilegedManaging.swift */,
				1B22C537F9F991DCEB275057 /* ClosedLidPrivilegedService.swift */,
				13702A8D7E2A812AF9BD5E5A /* LidStateMonitor.swift */,
				3CACE8205D6E8EBDC3B511B1 /* LidStateMonitoring.swift */,
				C0F45DECEC1EDFA1C631B4F5 /* PowerAssertion.swift */,
				364149AB355204C4D610122E /* PowerAssertionManaging.swift */,
				8B8443921F24F63AC93D6424 /* PowerSourceMonitor.swift */,
				2AD81FDEBD473F3236CF1D60 /* PowerSourceMonitoring.swift */,
				42D3226DB1A30E1F1E0D7A04 /* Session.swift */,
				3CAAB279320D53E6AA442D02 /* SessionDuration.swift */,
				3F73B409CD68C78132AB7849 /* SessionManager.swift */,
				82FD92B6077FB4C064725C3A /* WatchdogClient.swift */,
			);
			name = MethCore;
			path = Sources/MethCore;
			sourceTree = "<group>";
		};
/* End PBXGroup section */

/* Begin PBXNativeTarget section */
		1EEC70443DF61773F7CBB915 /* MethWatchdog */ = {
			isa = PBXNativeTarget;
			buildConfigurationList = 8DF8861CE32BBD2D7F3054CE /* Build configuration list for PBXNativeTarget "MethWatchdog" */;
			buildPhases = (
				3A45AA866FC41E7548AEB0D9 /* Sources */,
				36A505F7E4E31CEB51D99E53 /* Frameworks */,
			);
			buildRules = (
			);
			dependencies = (
				9159CB8BEBAA55A23C440F86 /* PBXTargetDependency */,
			);
			name = MethWatchdog;
			packageProductDependencies = (
			);
			productName = MethWatchdog;
			productReference = 5B77942C01CF7B4A0A27B3FC /* MethWatchdog */;
			productType = "com.apple.product-type.tool";
		};
		266894EB08DEA0092B405481 /* Meth */ = {
			isa = PBXNativeTarget;
			buildConfigurationList = 7A46EBD6E56DEE14F07A4337 /* Build configuration list for PBXNativeTarget "Meth" */;
			buildPhases = (
				46E8BCDC32E5FAAD29C4833F /* Sources */,
				3E0F18DDF4F747996B8F9AE8 /* Resources */,
				4C4B5E5DC2AA53DBFF19193C /* Frameworks */,
			);
			buildRules = (
			);
			dependencies = (
				867F78A5E12C853E0BC8D1BE /* PBXTargetDependency */,
			);
			name = Meth;
			packageProductDependencies = (
			);
			productName = Meth;
			productReference = DD674486B875B1DEDCEFEA86 /* Meth.app */;
			productType = "com.apple.product-type.application";
		};
		31DC03EACC4D0D26320CB56D /* MethCore */ = {
			isa = PBXNativeTarget;
			buildConfigurationList = 239EE03A6EB22BD35CD5F37B /* Build configuration list for PBXNativeTarget "MethCore" */;
			buildPhases = (
				DB6F0B59E74B295CBB6C268F /* Sources */,
				81A92E314FDEC6021EB5E4D2 /* Copy Swift Objective-C Interface Header */,
			);
			buildRules = (
			);
			dependencies = (
			);
			name = MethCore;
			packageProductDependencies = (
			);
			productName = MethCore;
			productReference = FC38B24B46269C5D46DA47E0 /* libMethCore.a */;
			productType = "com.apple.product-type.library.static";
		};
		3D61714E4C83B38A9C9377BC /* MethTests */ = {
			isa = PBXNativeTarget;
			buildConfigurationList = D6AE36721799C278E5103A00 /* Build configuration list for PBXNativeTarget "MethTests" */;
			buildPhases = (
				EA0888D6005569A3E84DF803 /* Sources */,
				05286DE3457FFED7E7E00367 /* Frameworks */,
			);
			buildRules = (
			);
			dependencies = (
				0B55DF4CDF4536E40C338153 /* PBXTargetDependency */,
			);
			name = MethTests;
			packageProductDependencies = (
			);
			productName = MethTests;
			productReference = 04382D5D4A42F49B430F07AC /* MethTests.xctest */;
			productType = "com.apple.product-type.bundle.unit-test";
		};
/* End PBXNativeTarget section */

/* Begin PBXProject section */
		EF08953597F308DD9AB48C98 /* Project object */ = {
			isa = PBXProject;
			attributes = {
				BuildIndependentTargetsInParallel = YES;
				LastUpgradeCheck = 1600;
				TargetAttributes = {
				};
			};
			buildConfigurationList = 3AC3CA953650BB311E95BF56 /* Build configuration list for PBXProject "Meth" */;
			developmentRegion = en;
			hasScannedForEncodings = 0;
			knownRegions = (
				Base,
				en,
			);
			mainGroup = ABB5FC2797C9EF8FE0CF26D3;
			minimizedProjectReferenceProxies = 1;
			preferredProjectObjectVersion = 77;
			productRefGroup = F521AB47F998CE2315D753A0 /* Products */;
			projectDirPath = "";
			projectRoot = "";
			targets = (
				31DC03EACC4D0D26320CB56D /* MethCore */,
				266894EB08DEA0092B405481 /* Meth */,
				1EEC70443DF61773F7CBB915 /* MethWatchdog */,
				3D61714E4C83B38A9C9377BC /* MethTests */,
			);
		};
/* End PBXProject section */

/* Begin PBXResourcesBuildPhase section */
		3E0F18DDF4F747996B8F9AE8 /* Resources */ = {
			isa = PBXResourcesBuildPhase;
			buildActionMask = 2147483647;
			files = (
				B11A61D848AA51FBE59AB7FC /* AppIcon.icns in Resources */,
			);
			runOnlyForDeploymentPostprocessing = 0;
		};
/* End PBXResourcesBuildPhase section */

/* Begin PBXShellScriptBuildPhase section */
		81A92E314FDEC6021EB5E4D2 /* Copy Swift Objective-C Interface Header */ = {
			isa = PBXShellScriptBuildPhase;
			buildActionMask = 2147483647;
			files = (
			);
			inputPaths = (
				"$(DERIVED_SOURCES_DIR)/$(SWIFT_OBJC_INTERFACE_HEADER_NAME)",
			);
			name = "Copy Swift Objective-C Interface Header";
			outputPaths = (
				"$(BUILT_PRODUCTS_DIR)/include/$(PRODUCT_MODULE_NAME)/$(SWIFT_OBJC_INTERFACE_HEADER_NAME)",
			);
			runOnlyForDeploymentPostprocessing = 0;
			shellPath = /bin/sh;
			shellScript = "ditto \"${SCRIPT_INPUT_FILE_0}\" \"${SCRIPT_OUTPUT_FILE_0}\"\n";
		};
/* End PBXShellScriptBuildPhase section */

/* Begin PBXSourcesBuildPhase section */
		3A45AA866FC41E7548AEB0D9 /* Sources */ = {
			isa = PBXSourcesBuildPhase;
			buildActionMask = 2147483647;
			files = (
				E04FAFC9D0DB7C7C6B1733AF /* main.swift in Sources */,
			);
			runOnlyForDeploymentPostprocessing = 0;
		};
		46E8BCDC32E5FAAD29C4833F /* Sources */ = {
			isa = PBXSourcesBuildPhase;
			buildActionMask = 2147483647;
			files = (
				71C6523466C8C6A5975D37D8 /* AppDelegate.swift in Sources */,
				58CBBCE604E3457DC91E74B1 /* AuxiliaryWindowController.swift in Sources */,
				2B73BF0A500D69263A8EBAC8 /* MenuBarController.swift in Sources */,
				EC47E565D87D7B2FA546A93A /* MenuBarIcon.swift in Sources */,
				5788C138C086383D11FDB06F /* MethApp.swift in Sources */,
				51DDF770CF31C341017DDCFF /* SettingsView.swift in Sources */,
				5DF783DFD8A88385E3C5B99F /* SettingsWindowController.swift in Sources */,
				BD1BF41B1C0ACEEDC2BF577C /* ThermalWarningSheet.swift in Sources */,
				4FAF0CDB9565496B38F58162 /* UntilTimePickerView.swift in Sources */,
			);
			runOnlyForDeploymentPostprocessing = 0;
		};
		DB6F0B59E74B295CBB6C268F /* Sources */ = {
			isa = PBXSourcesBuildPhase;
			buildActionMask = 2147483647;
			files = (
				CDD2086FE57F224461B66621 /* ClosedLidController.swift in Sources */,
				7C8BEF24E4529A190149E426 /* ClosedLidPrivilegedManaging.swift in Sources */,
				56267DA8B077A47F689083B7 /* ClosedLidPrivilegedService.swift in Sources */,
				083569DD8298356A1CC4079A /* LidStateMonitor.swift in Sources */,
				B86ACF36408E47FBC4507C98 /* LidStateMonitoring.swift in Sources */,
				E6E268B86D32AFC79BF98EC1 /* PowerAssertion.swift in Sources */,
				E370243F2D80709B24CA4021 /* PowerAssertionManaging.swift in Sources */,
				432441B423244F620E1717C5 /* PowerSourceMonitor.swift in Sources */,
				D841F7266B91440C55BA3A0B /* PowerSourceMonitoring.swift in Sources */,
				59088E8E371AD9DED0A34C0B /* Session.swift in Sources */,
				80BBB4D018CD1A314E48AB46 /* SessionDuration.swift in Sources */,
				E6C44BADA3F6608B63D842FF /* SessionManager.swift in Sources */,
				112D26D97EFB204FB656D7BE /* WatchdogClient.swift in Sources */,
			);
			runOnlyForDeploymentPostprocessing = 0;
		};
		EA0888D6005569A3E84DF803 /* Sources */ = {
			isa = PBXSourcesBuildPhase;
			buildActionMask = 2147483647;
			files = (
				B86BB2A72A58E77343D71616 /* ClosedLidControllerTests.swift in Sources */,
				A050F343C0B014336DF5BD96 /* ClosedLidPrivilegedServiceTests.swift in Sources */,
				E26E9BAD4E04072681C2AEB0 /* FailsafeRecoveryTests.swift in Sources */,
				8BF0D3DE75548D71384456A0 /* Mocks.swift in Sources */,
				4277C74EFCA4E0801B30817C /* SessionManagerTests.swift in Sources */,
				0BCBAE5440498343252B1CD5 /* SessionTests.swift in Sources */,
				7BFC556B01D2816A52F8A1E6 /* WatchdogClientTests.swift in Sources */,
			);
			runOnlyForDeploymentPostprocessing = 0;
		};
/* End PBXSourcesBuildPhase section */

/* Begin PBXTargetDependency section */
		0B55DF4CDF4536E40C338153 /* PBXTargetDependency */ = {
			isa = PBXTargetDependency;
			target = 31DC03EACC4D0D26320CB56D /* MethCore */;
			targetProxy = E7C11821A443CAB324A7229B /* PBXContainerItemProxy */;
		};
		867F78A5E12C853E0BC8D1BE /* PBXTargetDependency */ = {
			isa = PBXTargetDependency;
			target = 31DC03EACC4D0D26320CB56D /* MethCore */;
			targetProxy = 5A31A25DB87AAD68C86C1556 /* PBXContainerItemProxy */;
		};
		9159CB8BEBAA55A23C440F86 /* PBXTargetDependency */ = {
			isa = PBXTargetDependency;
			target = 31DC03EACC4D0D26320CB56D /* MethCore */;
			targetProxy = 92D5802C90F5606C35A89212 /* PBXContainerItemProxy */;
		};
/* End PBXTargetDependency section */

/* Begin XCBuildConfiguration section */
		177D4D896A7D7B94C01885F7 /* Debug */ = {
			isa = XCBuildConfiguration;
			buildSettings = {
				ALWAYS_SEARCH_USER_PATHS = NO;
				CLANG_ANALYZER_NONNULL = YES;
				CLANG_ANALYZER_NUMBER_OBJECT_CONVERSION = YES_AGGRESSIVE;
				CLANG_CXX_LANGUAGE_STANDARD = "gnu++14";
				CLANG_CXX_LIBRARY = "libc++";
				CLANG_ENABLE_MODULES = YES;
				CLANG_ENABLE_OBJC_ARC = YES;
				CLANG_ENABLE_OBJC_WEAK = YES;
				CLANG_WARN_BLOCK_CAPTURE_AUTORELEASING = YES;
				CLANG_WARN_BOOL_CONVERSION = YES;
				CLANG_WARN_COMMA = YES;
				CLANG_WARN_CONSTANT_CONVERSION = YES;
				CLANG_WARN_DEPRECATED_OBJC_IMPLEMENTATIONS = YES;
				CLANG_WARN_DIRECT_OBJC_ISA_USAGE = YES_ERROR;
				CLANG_WARN_DOCUMENTATION_COMMENTS = YES;
				CLANG_WARN_EMPTY_BODY = YES;
				CLANG_WARN_ENUM_CONVERSION = YES;
				CLANG_WARN_INFINITE_RECURSION = YES;
				CLANG_WARN_INT_CONVERSION = YES;
				CLANG_WARN_NON_LITERAL_NULL_CONVERSION = YES;
				CLANG_WARN_OBJC_IMPLICIT_RETAIN_SELF = YES;
				CLANG_WARN_OBJC_LITERAL_CONVERSION = YES;
				CLANG_WARN_OBJC_ROOT_CLASS = YES_ERROR;
				CLANG_WARN_QUOTED_INCLUDE_IN_FRAMEWORK_HEADER = YES;
				CLANG_WARN_RANGE_LOOP_ANALYSIS = YES;
				CLANG_WARN_STRICT_PROTOTYPES = YES;
				CLANG_WARN_SUSPICIOUS_MOVE = YES;
				CLANG_WARN_UNGUARDED_AVAILABILITY = YES_AGGRESSIVE;
				CLANG_WARN_UNREACHABLE_CODE = YES;
				CLANG_WARN__DUPLICATE_METHOD_MATCH = YES;
				COPY_PHASE_STRIP = NO;
				DEBUG_INFORMATION_FORMAT = dwarf;
				ENABLE_STRICT_OBJC_MSGSEND = YES;
				ENABLE_TESTABILITY = YES;
				ENABLE_USER_SCRIPT_SANDBOXING = NO;
				GCC_C_LANGUAGE_STANDARD = gnu11;
				GCC_DYNAMIC_NO_PIC = NO;
				GCC_NO_COMMON_BLOCKS = YES;
				GCC_OPTIMIZATION_LEVEL = 0;
				GCC_PREPROCESSOR_DEFINITIONS = (
					"$(inherited)",
					"DEBUG=1",
				);
				GCC_WARN_64_TO_32_BIT_CONVERSION = YES;
				GCC_WARN_ABOUT_RETURN_TYPE = YES_ERROR;
				GCC_WARN_UNDECLARED_SELECTOR = YES;
				GCC_WARN_UNINITIALIZED_AUTOS = YES_AGGRESSIVE;
				GCC_WARN_UNUSED_FUNCTION = YES;
				GCC_WARN_UNUSED_VARIABLE = YES;
				MACOSX_DEPLOYMENT_TARGET = 13.0;
				MTL_ENABLE_DEBUG_INFO = INCLUDE_SOURCE;
				MTL_FAST_MATH = YES;
				ONLY_ACTIVE_ARCH = YES;
				PRODUCT_NAME = "$(TARGET_NAME)";
				SDKROOT = macosx;
				SWIFT_ACTIVE_COMPILATION_CONDITIONS = DEBUG;
				SWIFT_OPTIMIZATION_LEVEL = "-Onone";
				SWIFT_VERSION = 5.9;
			};
			name = Debug;
		};
		2662F4184B680E34F141839B /* Release */ = {
			isa = XCBuildConfiguration;
			buildSettings = {
				ALWAYS_SEARCH_USER_PATHS = NO;
				CLANG_ANALYZER_NONNULL = YES;
				CLANG_ANALYZER_NUMBER_OBJECT_CONVERSION = YES_AGGRESSIVE;
				CLANG_CXX_LANGUAGE_STANDARD = "gnu++14";
				CLANG_CXX_LIBRARY = "libc++";
				CLANG_ENABLE_MODULES = YES;
				CLANG_ENABLE_OBJC_ARC = YES;
				CLANG_ENABLE_OBJC_WEAK = YES;
				CLANG_WARN_BLOCK_CAPTURE_AUTORELEASING = YES;
				CLANG_WARN_BOOL_CONVERSION = YES;
				CLANG_WARN_COMMA = YES;
				CLANG_WARN_CONSTANT_CONVERSION = YES;
				CLANG_WARN_DEPRECATED_OBJC_IMPLEMENTATIONS = YES;
				CLANG_WARN_DIRECT_OBJC_ISA_USAGE = YES_ERROR;
				CLANG_WARN_DOCUMENTATION_COMMENTS = YES;
				CLANG_WARN_EMPTY_BODY = YES;
				CLANG_WARN_ENUM_CONVERSION = YES;
				CLANG_WARN_INFINITE_RECURSION = YES;
				CLANG_WARN_INT_CONVERSION = YES;
				CLANG_WARN_NON_LITERAL_NULL_CONVERSION = YES;
				CLANG_WARN_OBJC_IMPLICIT_RETAIN_SELF = YES;
				CLANG_WARN_OBJC_LITERAL_CONVERSION = YES;
				CLANG_WARN_OBJC_ROOT_CLASS = YES_ERROR;
				CLANG_WARN_QUOTED_INCLUDE_IN_FRAMEWORK_HEADER = YES;
				CLANG_WARN_RANGE_LOOP_ANALYSIS = YES;
				CLANG_WARN_STRICT_PROTOTYPES = YES;
				CLANG_WARN_SUSPICIOUS_MOVE = YES;
				CLANG_WARN_UNGUARDED_AVAILABILITY = YES_AGGRESSIVE;
				CLANG_WARN_UNREACHABLE_CODE = YES;
				CLANG_WARN__DUPLICATE_METHOD_MATCH = YES;
				COPY_PHASE_STRIP = NO;
				DEBUG_INFORMATION_FORMAT = "dwarf-with-dsym";
				ENABLE_NS_ASSERTIONS = NO;
				ENABLE_STRICT_OBJC_MSGSEND = YES;
				ENABLE_USER_SCRIPT_SANDBOXING = NO;
				GCC_C_LANGUAGE_STANDARD = gnu11;
				GCC_NO_COMMON_BLOCKS = YES;
				GCC_WARN_64_TO_32_BIT_CONVERSION = YES;
				GCC_WARN_ABOUT_RETURN_TYPE = YES_ERROR;
				GCC_WARN_UNDECLARED_SELECTOR = YES;
				GCC_WARN_UNINITIALIZED_AUTOS = YES_AGGRESSIVE;
				GCC_WARN_UNUSED_FUNCTION = YES;
				GCC_WARN_UNUSED_VARIABLE = YES;
				MACOSX_DEPLOYMENT_TARGET = 13.0;
				MTL_ENABLE_DEBUG_INFO = NO;
				MTL_FAST_MATH = YES;
				PRODUCT_NAME = "$(TARGET_NAME)";
				SDKROOT = macosx;
				SWIFT_COMPILATION_MODE = wholemodule;
				SWIFT_OPTIMIZATION_LEVEL = "-O";
				SWIFT_VERSION = 5.9;
			};
			name = Release;
		};
		285CEE2DD856536FBA3F6EA8 /* Debug */ = {
			isa = XCBuildConfiguration;
			buildSettings = {
				CODE_SIGNING_ALLOWED = NO;
				COMBINE_HIDPI_IMAGES = YES;
				LD_RUNPATH_SEARCH_PATHS = (
					"$(inherited)",
					"@executable_path/../Frameworks",
				);
				OTHER_LDFLAGS = (
					"$(inherited)",
					"-ObjC",
				);
				PRODUCT_BUNDLE_IDENTIFIER = com.meth.watchdog;
				PRODUCT_NAME = MethWatchdog;
				SDKROOT = macosx;
			};
			name = Debug;
		};
		4FFB023B2DB7439EBD7CDB77 /* Release */ = {
			isa = XCBuildConfiguration;
			buildSettings = {
				CODE_SIGNING_ALLOWED = NO;
				COMBINE_HIDPI_IMAGES = YES;
				LD_RUNPATH_SEARCH_PATHS = (
					"$(inherited)",
					"@executable_path/../Frameworks",
				);
				OTHER_LDFLAGS = (
					"$(inherited)",
					"-ObjC",
				);
				PRODUCT_BUNDLE_IDENTIFIER = com.meth.watchdog;
				PRODUCT_NAME = MethWatchdog;
				SDKROOT = macosx;
			};
			name = Release;
		};
		6D063E35D8E189A34ECC0B21 /* Release */ = {
			isa = XCBuildConfiguration;
			buildSettings = {
				ASSETCATALOG_COMPILER_APPICON_NAME = AppIcon;
				CODE_SIGNING_ALLOWED = NO;
				COMBINE_HIDPI_IMAGES = YES;
				INFOPLIST_FILE = Sources/Meth/Resources/Info.plist;
				LD_RUNPATH_SEARCH_PATHS = (
					"$(inherited)",
					"@executable_path/../Frameworks",
				);
				OTHER_LDFLAGS = (
					"$(inherited)",
					"-ObjC",
				);
				PRODUCT_BUNDLE_IDENTIFIER = com.meth.app;
				PRODUCT_NAME = Meth;
				SDKROOT = macosx;
			};
			name = Release;
		};
		7BEB5A9E2B545CCD6BB728F1 /* Release */ = {
			isa = XCBuildConfiguration;
			buildSettings = {
				CODE_SIGNING_ALLOWED = NO;
				COMBINE_HIDPI_IMAGES = YES;
				DEFINES_MODULE = YES;
				LD_RUNPATH_SEARCH_PATHS = (
					"$(inherited)",
					"@executable_path/../Frameworks",
				);
				PRODUCT_BUNDLE_IDENTIFIER = com.meth.core;
				PRODUCT_NAME = MethCore;
				SDKROOT = macosx;
				SKIP_INSTALL = YES;
			};
			name = Release;
		};
		7FCAA4D265D4BC6D81ABB18B /* Debug */ = {
			isa = XCBuildConfiguration;
			buildSettings = {
				CODE_SIGNING_ALLOWED = NO;
				COMBINE_HIDPI_IMAGES = YES;
				DEFINES_MODULE = YES;
				LD_RUNPATH_SEARCH_PATHS = (
					"$(inherited)",
					"@executable_path/../Frameworks",
				);
				PRODUCT_BUNDLE_IDENTIFIER = com.meth.core;
				PRODUCT_NAME = MethCore;
				SDKROOT = macosx;
				SKIP_INSTALL = YES;
			};
			name = Debug;
		};
		D0A30047813EC511C131B768 /* Release */ = {
			isa = XCBuildConfiguration;
			buildSettings = {
				BUNDLE_LOADER = "$(TEST_HOST)";
				CODE_SIGNING_ALLOWED = NO;
				COMBINE_HIDPI_IMAGES = YES;
				LD_RUNPATH_SEARCH_PATHS = (
					"$(inherited)",
					"@executable_path/../Frameworks",
					"@loader_path/../Frameworks",
				);
				OTHER_LDFLAGS = (
					"$(inherited)",
					"-ObjC",
				);
				PRODUCT_BUNDLE_IDENTIFIER = com.meth.tests;
				PRODUCT_NAME = MethTests;
				SDKROOT = macosx;
			};
			name = Release;
		};
		E21A9DF757E41D576F8B5AD5 /* Debug */ = {
			isa = XCBuildConfiguration;
			buildSettings = {
				BUNDLE_LOADER = "$(TEST_HOST)";
				CODE_SIGNING_ALLOWED = NO;
				COMBINE_HIDPI_IMAGES = YES;
				LD_RUNPATH_SEARCH_PATHS = (
					"$(inherited)",
					"@executable_path/../Frameworks",
					"@loader_path/../Frameworks",
				);
				OTHER_LDFLAGS = (
					"$(inherited)",
					"-ObjC",
				);
				PRODUCT_BUNDLE_IDENTIFIER = com.meth.tests;
				PRODUCT_NAME = MethTests;
				SDKROOT = macosx;
			};
			name = Debug;
		};
		F40CF5DC38FBD85B2C241D49 /* Debug */ = {
			isa = XCBuildConfiguration;
			buildSettings = {
				ASSETCATALOG_COMPILER_APPICON_NAME = AppIcon;
				CODE_SIGNING_ALLOWED = NO;
				COMBINE_HIDPI_IMAGES = YES;
				INFOPLIST_FILE = Sources/Meth/Resources/Info.plist;
				LD_RUNPATH_SEARCH_PATHS = (
					"$(inherited)",
					"@executable_path/../Frameworks",
				);
				OTHER_LDFLAGS = (
					"$(inherited)",
					"-ObjC",
				);
				PRODUCT_BUNDLE_IDENTIFIER = com.meth.app;
				PRODUCT_NAME = Meth;
				SDKROOT = macosx;
			};
			name = Debug;
		};
/* End XCBuildConfiguration section */

/* Begin XCConfigurationList section */
		239EE03A6EB22BD35CD5F37B /* Build configuration list for PBXNativeTarget "MethCore" */ = {
			isa = XCConfigurationList;
			buildConfigurations = (
				7FCAA4D265D4BC6D81ABB18B /* Debug */,
				7BEB5A9E2B545CCD6BB728F1 /* Release */,
			);
			defaultConfigurationIsVisible = 0;
			defaultConfigurationName = Debug;
		};
		3AC3CA953650BB311E95BF56 /* Build configuration list for PBXProject "Meth" */ = {
			isa = XCConfigurationList;
			buildConfigurations = (
				177D4D896A7D7B94C01885F7 /* Debug */,
				2662F4184B680E34F141839B /* Release */,
			);
			defaultConfigurationIsVisible = 0;
			defaultConfigurationName = Debug;
		};
		7A46EBD6E56DEE14F07A4337 /* Build configuration list for PBXNativeTarget "Meth" */ = {
			isa = XCConfigurationList;
			buildConfigurations = (
				F40CF5DC38FBD85B2C241D49 /* Debug */,
				6D063E35D8E189A34ECC0B21 /* Release */,
			);
			defaultConfigurationIsVisible = 0;
			defaultConfigurationName = Debug;
		};
		8DF8861CE32BBD2D7F3054CE /* Build configuration list for PBXNativeTarget "MethWatchdog" */ = {
			isa = XCConfigurationList;
			buildConfigurations = (
				285CEE2DD856536FBA3F6EA8 /* Debug */,
				4FFB023B2DB7439EBD7CDB77 /* Release */,
			);
			defaultConfigurationIsVisible = 0;
			defaultConfigurationName = Debug;
		};
		D6AE36721799C278E5103A00 /* Build configuration list for PBXNativeTarget "MethTests" */ = {
			isa = XCConfigurationList;
			buildConfigurations = (
				E21A9DF757E41D576F8B5AD5 /* Debug */,
				D0A30047813EC511C131B768 /* Release */,
			);
			defaultConfigurationIsVisible = 0;
			defaultConfigurationName = Debug;
		};
/* End XCConfigurationList section */
	};
	rootObject = EF08953597F308DD9AB48C98 /* Project object */;
}
